<Solution>
 <Folder Name="/src/">
  <Project Path="src/Contracts/Contracts.csproj" />
  <Project Path="src/WindowsIntegration/WindowsIntegration.csproj" />
  <Project Path="src/Launcher/Launcher.csproj" />
  <Project Path="src/Config/Config.csproj" />
 </Folder>
 <Folder Name="/tests/"><Project Path="tests/Contracts.Tests/Contracts.Tests.csproj" /><Project Path="tests/WindowsIntegration.Tests/WindowsIntegration.Tests.csproj" /></Folder>
</Solution>
